// !$*UTF8*$!
{
	archiveVersion = 1;
	classes = {
	};
	objectVersion = 55;
	objects = {

/* Begin PBXBuildFile section */
		545E686F292541D2006F4B85 /* MarketAnalyticsApp.swift in Sources */ = {isa = PBXBuildFile; fileRef = 545E686E292541D2006F4B85 /* MarketAnalyticsApp.swift */; };
		545E6873292541D4006F4B85 /* Assets.xcassets in Resources */ = {isa = PBXBuildFile; fileRef = 545E6872292541D4006F4B85 /* Assets.xcassets */; };
		545E6876292541D4006F4B85 /* Preview Assets.xcassets in Resources */ = {isa = PBXBuildFile; fileRef = 545E6875292541D4006F4B85 /* Preview Assets.xcassets */; };
		545E6891292555F8006F4B85 /* StockView.swift in Sources */ = {isa = PBXBuildFile; fileRef = 545E6890292555F8006F4B85 /* StockView.swift */; };
		545E689A29255676006F4B85 /* NewsView.swift in Sources */ = {isa = PBXBuildFile; fileRef = 545E689929255676006F4B85 /* NewsView.swift */; };
		545E68A2292556BE006F4B85 /* ProfileView.swift in Sources */ = {isa = PBXBuildFile; fileRef = 545E68A1292556BE006F4B85 /* ProfileView.swift */; };
		545E68A629257F90006F4B85 /* Color.swift in Sources */ = {isa = PBXBuildFile; fileRef = 545E68A529257F90006F4B85 /* Color.swift */; };
		545E68A8292586D8006F4B85 /* ForgetPasswordView.swift in Sources */ = {isa = PBXBuildFile; fileRef = 545E68A7292586D8006F4B85 /* ForgetPasswordView.swift */; };
		545E68AA292586E8006F4B85 /* RegistrationView.swift in Sources */ = {isa = PBXBuildFile; fileRef = 545E68A9292586E8006F4B85 /* RegistrationView.swift */; };
		545E68AC2925870E006F4B85 /* LoginView.swift in Sources */ = {isa = PBXBuildFile; fileRef = 545E68AB2925870E006F4B85 /* LoginView.swift */; };
		545E68AE292587EF006F4B85 /* ContentView.swift in Sources */ = {isa = PBXBuildFile; fileRef = 545E68AD292587EF006F4B85 /* ContentView.swift */; };
		54D12339292A927100D1E41F /* SettingsView.swift in Sources */ = {isa = PBXBuildFile; fileRef = 54D12338292A927100D1E41F /* SettingsView.swift */; };
		54D1233B292A934800D1E41F /* SettingsViewModel.swift in Sources */ = {isa = PBXBuildFile; fileRef = 54D1233A292A934800D1E41F /* SettingsViewModel.swift */; };
		54D5CE952926999200B8275E /* GoogleService-Info.plist in Resources */ = {isa = PBXBuildFile; fileRef = 54D5CE942926999200B8275E /* GoogleService-Info.plist */; };
		54D5CE9729269A9600B8275E /* AppDelegate.swift in Sources */ = {isa = PBXBuildFile; fileRef = 54D5CE9629269A9600B8275E /* AppDelegate.swift */; };
		54D5CE9A29269AF000B8275E /* AppViewModel.swift in Sources */ = {isa = PBXBuildFile; fileRef = 54D5CE9929269AF000B8275E /* AppViewModel.swift */; };
		54D5CE9E29269E7200B8275E /* ChooseOptionView.swift in Sources */ = {isa = PBXBuildFile; fileRef = 54D5CE9D29269E7200B8275E /* ChooseOptionView.swift */; };
		54D5CEA02926A03A00B8275E /* Navigation.swift in Sources */ = {isa = PBXBuildFile; fileRef = 54D5CE9F2926A03A00B8275E /* Navigation.swift */; };
		54D5CEAB2926A9F800B8275E /* Text.swift in Sources */ = {isa = PBXBuildFile; fileRef = 54D5CEAA2926A9F800B8275E /* Text.swift */; };
		54D5CEAE2926C48B00B8275E /* CustomTextField.swift in Sources */ = {isa = PBXBuildFile; fileRef = 54D5CEAD2926C48B00B8275E /* CustomTextField.swift */; };
		54D5CEB02926C82000B8275E /* LoginViewModel.swift in Sources */ = {isa = PBXBuildFile; fileRef = 54D5CEAF2926C82000B8275E /* LoginViewModel.swift */; };
		54D5CEB22926D2B200B8275E /* RegistrationViewModel.swift in Sources */ = {isa = PBXBuildFile; fileRef = 54D5CEB12926D2B200B8275E /* RegistrationViewModel.swift */; };
		54D5CEB42926D87C00B8275E /* ForgetPasswordViewModel.swift in Sources */ = {isa = PBXBuildFile; fileRef = 54D5CEB32926D87C00B8275E /* ForgetPasswordViewModel.swift */; };
		54DD1B08292E7D480082AE3E /* OpinionsModel.swift in Sources */ = {isa = PBXBuildFile; fileRef = 54DD1B07292E7D480082AE3E /* OpinionsModel.swift */; };
		54DD1B0A292E82BE0082AE3E /* TopBarProfileView.swift in Sources */ = {isa = PBXBuildFile; fileRef = 54DD1B09292E82BE0082AE3E /* TopBarProfileView.swift */; };
		54DD1B0C292E84B00082AE3E /* LikeProfileView.swift in Sources */ = {isa = PBXBuildFile; fileRef = 54DD1B0B292E84B00082AE3E /* LikeProfileView.swift */; };
		54DD1B0F292E84F60082AE3E /* LikeTypeEnum.swift in Sources */ = {isa = PBXBuildFile; fileRef = 54DD1B0E292E84F60082AE3E /* LikeTypeEnum.swift */; };
		54DD1B11292E87890082AE3E /* DescriptionProfileView.swift in Sources */ = {isa = PBXBuildFile; fileRef = 54DD1B10292E87890082AE3E /* DescriptionProfileView.swift */; };
		54DD1B14292E88E80082AE3E /* OpinionsProfileView.swift in Sources */ = {isa = PBXBuildFile; fileRef = 54DD1B13292E88E80082AE3E /* OpinionsProfileView.swift */; };
		54DD1B1A292EAD100082AE3E /* ChangePasswordView.swift in Sources */ = {isa = PBXBuildFile; fileRef = 54DD1B19292EAD100082AE3E /* ChangePasswordView.swift */; };
		54DD1B1C292EAD420082AE3E /* EditProfileView.swift in Sources */ = {isa = PBXBuildFile; fileRef = 54DD1B1B292EAD420082AE3E /* EditProfileView.swift */; };
		54DD1B1E292EFC8A0082AE3E /* EditProfileViewModel.swift in Sources */ = {isa = PBXBuildFile; fileRef = 54DD1B1D292EFC8A0082AE3E /* EditProfileViewModel.swift */; };
		54DD1B22292F5AFC0082AE3E /* Int64.swift in Sources */ = {isa = PBXBuildFile; fileRef = 54DD1B21292F5AFC0082AE3E /* Int64.swift */; };
		54DD1B24292FEC180082AE3E /* ChangePasswordViewModel.swift in Sources */ = {isa = PBXBuildFile; fileRef = 54DD1B23292FEC180082AE3E /* ChangePasswordViewModel.swift */; };
		54DD1B26292FEE890082AE3E /* ResultEnum.swift in Sources */ = {isa = PBXBuildFile; fileRef = 54DD1B25292FEE890082AE3E /* ResultEnum.swift */; };
		54DD1B2A292FF2DE0082AE3E /* ChangeEmailView.swift in Sources */ = {isa = PBXBuildFile; fileRef = 54DD1B29292FF2DE0082AE3E /* ChangeEmailView.swift */; };
		54DD1B2C292FF2EE0082AE3E /* ChangeEmailViewModel.swift in Sources */ = {isa = PBXBuildFile; fileRef = 54DD1B2B292FF2EE0082AE3E /* ChangeEmailViewModel.swift */; };
		54E12AA4292CC75A00A49B8D /* FirebaseAuth in Frameworks */ = {isa = PBXBuildFile; productRef = 54E12AA3292CC75A00A49B8D /* FirebaseAuth */; };
		54E12AA6292CC75A00A49B8D /* FirebaseDatabase in Frameworks */ = {isa = PBXBuildFile; productRef = 54E12AA5292CC75A00A49B8D /* FirebaseDatabase */; };
		54E12AA8292CC75A00A49B8D /* FirebaseStorage in Frameworks */ = {isa = PBXBuildFile; productRef = 54E12AA7292CC75A00A49B8D /* FirebaseStorage */; };
		54E12AAA292CC96A00A49B8D /* FirebaseAnalytics in Frameworks */ = {isa = PBXBuildFile; productRef = 54E12AA9292CC96A00A49B8D /* FirebaseAnalytics */; };
		54E12AAC292CC9C300A49B8D /* FirebaseAnalyticsSwift in Frameworks */ = {isa = PBXBuildFile; productRef = 54E12AAB292CC9C300A49B8D /* FirebaseAnalyticsSwift */; };
		54E12AAE292CCD5800A49B8D /* FirebaseFirestore in Frameworks */ = {isa = PBXBuildFile; productRef = 54E12AAD292CCD5800A49B8D /* FirebaseFirestore */; };
		54E12AB3292D206B00A49B8D /* UserModel.swift in Sources */ = {isa = PBXBuildFile; fileRef = 54E12AB2292D206B00A49B8D /* UserModel.swift */; };
		54E12AB5292D44D200A49B8D /* ProfileViewModel.swift in Sources */ = {isa = PBXBuildFile; fileRef = 54E12AB4292D44D200A49B8D /* ProfileViewModel.swift */; };
/* End PBXBuildFile section */

/* Begin PBXFileReference section */
		545E686B292541D2006F4B85 /* MarketAnalytics.app */ = {isa = PBXFileReference; explicitFileType = wrapper.application; includeInIndex = 0; path = MarketAnalytics.app; sourceTree = BUILT_PRODUCTS_DIR; };
		545E686E292541D2006F4B85 /* MarketAnalyticsApp.swift */ = {isa = PBXFileReference; lastKnownFileType = sourcecode.swift; path = MarketAnalyticsApp.swift; sourceTree = "<group>"; };
		545E6872292541D4006F4B85 /* Assets.xcassets */ = {isa = PBXFileReference; lastKnownFileType = folder.assetcatalog; path = Assets.xcassets; sourceTree = "<group>"; };
		545E6875292541D4006F4B85 /* Preview Assets.xcassets */ = {isa = PBXFileReference; lastKnownFileType = folder.assetcatalog; path = "Preview Assets.xcassets"; sourceTree = "<group>"; };
		545E6890292555F8006F4B85 /* StockView.swift */ = {isa = PBXFileReference; lastKnownFileType = sourcecode.swift; path = StockView.swift; sourceTree = "<group>"; };
		545E689929255676006F4B85 /* NewsView.swift */ = {isa = PBXFileReference; lastKnownFileType = sourcecode.swift; path = NewsView.swift; sourceTree = "<group>"; };
		545E68A1292556BE006F4B85 /* ProfileView.swift */ = {isa = PBXFileReference; lastKnownFileType = sourcecode.swift; path = ProfileView.swift; sourceTree = "<group>"; };
		545E68A529257F90006F4B85 /* Color.swift */ = {isa = PBXFileReference; lastKnownFileType = sourcecode.swift; path = Color.swift; sourceTree = "<group>"; };
		545E68A7292586D8006F4B85 /* ForgetPasswordView.swift */ = {isa = PBXFileReference; lastKnownFileType = sourcecode.swift; path = ForgetPasswordView.swift; sourceTree = "<group>"; };
		545E68A9292586E8006F4B85 /* RegistrationView.swift */ = {isa = PBXFileReference; lastKnownFileType = sourcecode.swift; path = RegistrationView.swift; sourceTree = "<group>"; };
		545E68AB2925870E006F4B85 /* LoginView.swift */ = {isa = PBXFileReference; lastKnownFileType = sourcecode.swift; path = LoginView.swift; sourceTree = "<group>"; };
		545E68AD292587EF006F4B85 /* ContentView.swift */ = {isa = PBXFileReference; lastKnownFileType = sourcecode.swift; path = ContentView.swift; sourceTree = "<group>"; };
		54D12338292A927100D1E41F /* SettingsView.swift */ = {isa = PBXFileReference; lastKnownFileType = sourcecode.swift; path = SettingsView.swift; sourceTree = "<group>"; };
		54D1233A292A934800D1E41F /* SettingsViewModel.swift */ = {isa = PBXFileReference; lastKnownFileType = sourcecode.swift; path = SettingsViewModel.swift; sourceTree = "<group>"; };
		54D5CE942926999200B8275E /* GoogleService-Info.plist */ = {isa = PBXFileReference; fileEncoding = 4; lastKnownFileType = text.plist.xml; path = "GoogleService-Info.plist"; sourceTree = "<group>"; };
		54D5CE9629269A9600B8275E /* AppDelegate.swift */ = {isa = PBXFileReference; lastKnownFileType = sourcecode.swift; path = AppDelegate.swift; sourceTree = "<group>"; };
		54D5CE9929269AF000B8275E /* AppViewModel.swift */ = {isa = PBXFileReference; lastKnownFileType = sourcecode.swift; path = AppViewModel.swift; sourceTree = "<group>"; };
		54D5CE9D29269E7200B8275E /* ChooseOptionView.swift */ = {isa = PBXFileReference; lastKnownFileType = sourcecode.swift; path = ChooseOptionView.swift; sourceTree = "<group>"; };
		54D5CE9F2926A03A00B8275E /* Navigation.swift */ = {isa = PBXFileReference; lastKnownFileType = sourcecode.swift; path = Navigation.swift; sourceTree = "<group>"; };
		54D5CEAA2926A9F800B8275E /* Text.swift */ = {isa = PBXFileReference; lastKnownFileType = sourcecode.swift; path = Text.swift; sourceTree = "<group>"; };
		54D5CEAD2926C48B00B8275E /* CustomTextField.swift */ = {isa = PBXFileReference; lastKnownFileType = sourcecode.swift; path = CustomTextField.swift; sourceTree = "<group>"; };
		54D5CEAF2926C82000B8275E /* LoginViewModel.swift */ = {isa = PBXFileReference; lastKnownFileType = sourcecode.swift; path = LoginViewModel.swift; sourceTree = "<group>"; };
		54D5CEB12926D2B200B8275E /* RegistrationViewModel.swift */ = {isa = PBXFileReference; lastKnownFileType = sourcecode.swift; path = RegistrationViewModel.swift; sourceTree = "<group>"; };
		54D5CEB32926D87C00B8275E /* ForgetPasswordViewModel.swift */ = {isa = PBXFileReference; lastKnownFileType = sourcecode.swift; path = ForgetPasswordViewModel.swift; sourceTree = "<group>"; };
		54DD1B07292E7D480082AE3E /* OpinionsModel.swift */ = {isa = PBXFileReference; lastKnownFileType = sourcecode.swift; path = OpinionsModel.swift; sourceTree = "<group>"; };
		54DD1B09292E82BE0082AE3E /* TopBarProfileView.swift */ = {isa = PBXFileReference; lastKnownFileType = sourcecode.swift; path = TopBarProfileView.swift; sourceTree = "<group>"; };
		54DD1B0B292E84B00082AE3E /* LikeProfileView.swift */ = {isa = PBXFileReference; lastKnownFileType = sourcecode.swift; path = LikeProfileView.swift; sourceTree = "<group>"; };
		54DD1B0E292E84F60082AE3E /* LikeTypeEnum.swift */ = {isa = PBXFileReference; lastKnownFileType = sourcecode.swift; path = LikeTypeEnum.swift; sourceTree = "<group>"; };
		54DD1B10292E87890082AE3E /* DescriptionProfileView.swift */ = {isa = PBXFileReference; lastKnownFileType = sourcecode.swift; path = DescriptionProfileView.swift; sourceTree = "<group>"; };
		54DD1B13292E88E80082AE3E /* OpinionsProfileView.swift */ = {isa = PBXFileReference; lastKnownFileType = sourcecode.swift; path = OpinionsProfileView.swift; sourceTree = "<group>"; };
		54DD1B19292EAD100082AE3E /* ChangePasswordView.swift */ = {isa = PBXFileReference; lastKnownFileType = sourcecode.swift; path = ChangePasswordView.swift; sourceTree = "<group>"; };
		54DD1B1B292EAD420082AE3E /* EditProfileView.swift */ = {isa = PBXFileReference; lastKnownFileType = sourcecode.swift; path = EditProfileView.swift; sourceTree = "<group>"; };
		54DD1B1D292EFC8A0082AE3E /* EditProfileViewModel.swift */ = {isa = PBXFileReference; lastKnownFileType = sourcecode.swift; path = EditProfileViewModel.swift; sourceTree = "<group>"; };
		54DD1B1F292F53870082AE3E /* Info.plist */ = {isa = PBXFileReference; lastKnownFileType = text.plist; path = Info.plist; sourceTree = "<group>"; };
		54DD1B21292F5AFC0082AE3E /* Int64.swift */ = {isa = PBXFileReference; lastKnownFileType = sourcecode.swift; path = Int64.swift; sourceTree = "<group>"; };
		54DD1B23292FEC180082AE3E /* ChangePasswordViewModel.swift */ = {isa = PBXFileReference; lastKnownFileType = sourcecode.swift; path = ChangePasswordViewModel.swift; sourceTree = "<group>"; };
		54DD1B25292FEE890082AE3E /* ResultEnum.swift */ = {isa = PBXFileReference; lastKnownFileType = sourcecode.swift; path = ResultEnum.swift; sourceTree = "<group>"; };
		54DD1B29292FF2DE0082AE3E /* ChangeEmailView.swift */ = {isa = PBXFileReference; lastKnownFileType = sourcecode.swift; path = ChangeEmailView.swift; sourceTree = "<group>"; };
		54DD1B2B292FF2EE0082AE3E /* ChangeEmailViewModel.swift */ = {isa = PBXFileReference; lastKnownFileType = sourcecode.swift; path = ChangeEmailViewModel.swift; sourceTree = "<group>"; };
		54E12AB2292D206B00A49B8D /* UserModel.swift */ = {isa = PBXFileReference; lastKnownFileType = sourcecode.swift; name = UserModel.swift; path = MarketAnalytics/feauter_profile/presentation/settings/UserModel.swift; sourceTree = SOURCE_ROOT; };
		54E12AB4292D44D200A49B8D /* ProfileViewModel.swift */ = {isa = PBXFileReference; lastKnownFileType = sourcecode.swift; path = ProfileViewModel.swift; sourceTree = "<group>"; };
/* End PBXFileReference section */

/* Begin PBXFrameworksBuildPhase section */
		545E6868292541D2006F4B85 /* Frameworks */ = {
			isa = PBXFrameworksBuildPhase;
			buildActionMask = 2147483647;
			files = (
				54E12AAC292CC9C300A49B8D /* FirebaseAnalyticsSwift in Frameworks */,
				54E12AA6292CC75A00A49B8D /* FirebaseDatabase in Frameworks */,
				54E12AA8292CC75A00A49B8D /* FirebaseStorage in Frameworks */,
				54E12AAA292CC96A00A49B8D /* FirebaseAnalytics in Frameworks */,
				54E12AA4292CC75A00A49B8D /* FirebaseAuth in Frameworks */,
				54E12AAE292CCD5800A49B8D /* FirebaseFirestore in Frameworks */,
			);
			runOnlyForDeploymentPostprocessing = 0;
		};
/* End PBXFrameworksBuildPhase section */

/* Begin PBXGroup section */
		545E6862292541D2006F4B85 = {
			isa = PBXGroup;
			children = (
				545E686D292541D2006F4B85 /* MarketAnalytics */,
				545E686C292541D2006F4B85 /* Products */,
			);
			sourceTree = "<group>";
		};
		545E686C292541D2006F4B85 /* Products */ = {
			isa = PBXGroup;
			children = (
				545E686B292541D2006F4B85 /* MarketAnalytics.app */,
			);
			name = Products;
			sourceTree = "<group>";
		};
		545E686D292541D2006F4B85 /* MarketAnalytics */ = {
			isa = PBXGroup;
			children = (
				54DD1B1F292F53870082AE3E /* Info.plist */,
				545E68922925561E006F4B85 /* feature_news */,
				545E688129255481006F4B85 /* feauter_stock */,
				545E68802925546E006F4B85 /* feauter_admin_panel */,
				545E687F2925545E006F4B85 /* feauter_profile */,
				545E687E29255443006F4B85 /* feauter_messages */,
				545E687D292553E9006F4B85 /* feauter_login_register */,
				545E687C2925537E006F4B85 /* core */,
				545E686E292541D2006F4B85 /* MarketAnalyticsApp.swift */,
				545E68AD292587EF006F4B85 /* ContentView.swift */,
				545E6872292541D4006F4B85 /* Assets.xcassets */,
				545E6874292541D4006F4B85 /* Preview Content */,
			);
			path = MarketAnalytics;
			sourceTree = "<group>";
		};
		545E6874292541D4006F4B85 /* Preview Content */ = {
			isa = PBXGroup;
			children = (
				545E6875292541D4006F4B85 /* Preview Assets.xcassets */,
			);
			path = "Preview Content";
			sourceTree = "<group>";
		};
		545E687C2925537E006F4B85 /* core */ = {
			isa = PBXGroup;
			children = (
				54E12AB0292D205900A49B8D /* domain */,
				54D5CEA82926A9D000B8275E /* New Group */,
				54D5CE932926998B00B8275E /* data */,
				545E68A329257F69006F4B85 /* extension */,
			);
			path = core;
			sourceTree = "<group>";
		};
		545E687D292553E9006F4B85 /* feauter_login_register */ = {
			isa = PBXGroup;
			children = (
				545E6883292554DB006F4B85 /* domain */,
				545E6882292554D3006F4B85 /* presentation */,
			);
			path = feauter_login_register;
			sourceTree = "<group>";
		};
		545E687E29255443006F4B85 /* feauter_messages */ = {
			isa = PBXGroup;
			children = (
			);
			path = feauter_messages;
			sourceTree = "<group>";
		};
		545E687F2925545E006F4B85 /* feauter_profile */ = {
			isa = PBXGroup;
			children = (
				545E689C29255693006F4B85 /* domain */,
				545E689B29255685006F4B85 /* presentation */,
			);
			path = feauter_profile;
			sourceTree = "<group>";
		};
		545E68802925546E006F4B85 /* feauter_admin_panel */ = {
			isa = PBXGroup;
			children = (
			);
			path = feauter_admin_panel;
			sourceTree = "<group>";
		};
		545E688129255481006F4B85 /* feauter_stock */ = {
			isa = PBXGroup;
			children = (
				545E688A29255533006F4B85 /* domain */,
				545E688B29255538006F4B85 /* presentation */,
			);
			path = feauter_stock;
			sourceTree = "<group>";
		};
		545E6882292554D3006F4B85 /* presentation */ = {
			isa = PBXGroup;
			children = (
				54D5CE9B29269E4100B8275E /* choose_option */,
				545E688629255504006F4B85 /* forget_password */,
				545E6885292554FE006F4B85 /* registration */,
				545E6884292554F2006F4B85 /* login */,
			);
			path = presentation;
			sourceTree = "<group>";
		};
		545E6883292554DB006F4B85 /* domain */ = {
			isa = PBXGroup;
			children = (
				54E12AAF292CDB1700A49B8D /* model */,
			);
			path = domain;
			sourceTree = "<group>";
		};
		545E6884292554F2006F4B85 /* login */ = {
			isa = PBXGroup;
			children = (
				545E688929255522006F4B85 /* view */,
				54D5CEAF2926C82000B8275E /* LoginViewModel.swift */,
			);
			path = login;
			sourceTree = "<group>";
		};
		545E6885292554FE006F4B85 /* registration */ = {
			isa = PBXGroup;
			children = (
				545E68882925551E006F4B85 /* view */,
				54D5CEB12926D2B200B8275E /* RegistrationViewModel.swift */,
			);
			path = registration;
			sourceTree = "<group>";
		};
		545E688629255504006F4B85 /* forget_password */ = {
			isa = PBXGroup;
			children = (
				545E688729255517006F4B85 /* view */,
				54D5CEB32926D87C00B8275E /* ForgetPasswordViewModel.swift */,
			);
			path = forget_password;
			sourceTree = "<group>";
		};
		545E688729255517006F4B85 /* view */ = {
			isa = PBXGroup;
			children = (
				545E68A7292586D8006F4B85 /* ForgetPasswordView.swift */,
			);
			path = view;
			sourceTree = "<group>";
		};
		545E68882925551E006F4B85 /* view */ = {
			isa = PBXGroup;
			children = (
				545E68A9292586E8006F4B85 /* RegistrationView.swift */,
			);
			path = view;
			sourceTree = "<group>";
		};
		545E688929255522006F4B85 /* view */ = {
			isa = PBXGroup;
			children = (
				545E68AB2925870E006F4B85 /* LoginView.swift */,
			);
			path = view;
			sourceTree = "<group>";
		};
		545E688A29255533006F4B85 /* domain */ = {
			isa = PBXGroup;
			children = (
			);
			path = domain;
			sourceTree = "<group>";
		};
		545E688B29255538006F4B85 /* presentation */ = {
			isa = PBXGroup;
			children = (
				545E688D2925555F006F4B85 /* shere */,
				545E688C29255543006F4B85 /* stock */,
			);
			path = presentation;
			sourceTree = "<group>";
		};
		545E688C29255543006F4B85 /* stock */ = {
			isa = PBXGroup;
			children = (
				545E688E292555E2006F4B85 /* view */,
			);
			path = stock;
			sourceTree = "<group>";
		};
		545E688D2925555F006F4B85 /* shere */ = {
			isa = PBXGroup;
			children = (
				545E688F292555E6006F4B85 /* view */,
			);
			path = shere;
			sourceTree = "<group>";
		};
		545E688E292555E2006F4B85 /* view */ = {
			isa = PBXGroup;
			children = (
				545E6890292555F8006F4B85 /* StockView.swift */,
			);
			path = view;
			sourceTree = "<group>";
		};
		545E688F292555E6006F4B85 /* view */ = {
			isa = PBXGroup;
			children = (
			);
			path = view;
			sourceTree = "<group>";
		};
		545E68922925561E006F4B85 /* feature_news */ = {
			isa = PBXGroup;
			children = (
				545E689329255629006F4B85 /* domain */,
				545E689429255632006F4B85 /* presentation */,
			);
			path = feature_news;
			sourceTree = "<group>";
		};
		545E689329255629006F4B85 /* domain */ = {
			isa = PBXGroup;
			children = (
			);
			path = domain;
			sourceTree = "<group>";
		};
		545E689429255632006F4B85 /* presentation */ = {
			isa = PBXGroup;
			children = (
				545E689729255664006F4B85 /* information */,
				545E68952925563A006F4B85 /* news */,
			);
			path = presentation;
			sourceTree = "<group>";
		};
		545E68952925563A006F4B85 /* news */ = {
			isa = PBXGroup;
			children = (
				545E689629255660006F4B85 /* view */,
			);
			path = news;
			sourceTree = "<group>";
		};
		545E689629255660006F4B85 /* view */ = {
			isa = PBXGroup;
			children = (
				545E689929255676006F4B85 /* NewsView.swift */,
			);
			path = view;
			sourceTree = "<group>";
		};
		545E689729255664006F4B85 /* information */ = {
			isa = PBXGroup;
			children = (
				545E68982925566A006F4B85 /* view */,
			);
			path = information;
			sourceTree = "<group>";
		};
		545E68982925566A006F4B85 /* view */ = {
			isa = PBXGroup;
			children = (
			);
			path = view;
			sourceTree = "<group>";
		};
		545E689B29255685006F4B85 /* presentation */ = {
			isa = PBXGroup;
			children = (
				54DD1B27292FF2CC0082AE3E /* change_email */,
				54DD1B16292EABA40082AE3E /* change_password */,
				54DD1B15292EAB970082AE3E /* edit_profile */,
				545E689E292556A7006F4B85 /* settings */,
				545E689D2925569E006F4B85 /* profile */,
			);
			path = presentation;
			sourceTree = "<group>";
		};
		545E689C29255693006F4B85 /* domain */ = {
			isa = PBXGroup;
			children = (
				54DD1B04292E7CA10082AE3E /* model */,
			);
			path = domain;
			sourceTree = "<group>";
		};
		545E689D2925569E006F4B85 /* profile */ = {
			isa = PBXGroup;
			children = (
				545E689F292556AD006F4B85 /* view */,
				54E12AB4292D44D200A49B8D /* ProfileViewModel.swift */,
				54DD1B0E292E84F60082AE3E /* LikeTypeEnum.swift */,
			);
			path = profile;
			sourceTree = "<group>";
		};
		545E689E292556A7006F4B85 /* settings */ = {
			isa = PBXGroup;
			children = (
				545E68A0292556B1006F4B85 /* view */,
				54D1233A292A934800D1E41F /* SettingsViewModel.swift */,
			);
			path = settings;
			sourceTree = "<group>";
		};
		545E689F292556AD006F4B85 /* view */ = {
			isa = PBXGroup;
			children = (
				545E68A1292556BE006F4B85 /* ProfileView.swift */,
				54DD1B09292E82BE0082AE3E /* TopBarProfileView.swift */,
				54DD1B0B292E84B00082AE3E /* LikeProfileView.swift */,
				54DD1B10292E87890082AE3E /* DescriptionProfileView.swift */,
				54DD1B13292E88E80082AE3E /* OpinionsProfileView.swift */,
			);
			path = view;
			sourceTree = "<group>";
		};
		545E68A0292556B1006F4B85 /* view */ = {
			isa = PBXGroup;
			children = (
				54D12338292A927100D1E41F /* SettingsView.swift */,
			);
			path = view;
			sourceTree = "<group>";
		};
		545E68A329257F69006F4B85 /* extension */ = {
			isa = PBXGroup;
			children = (
				54DD1B20292F5AEA0082AE3E /* Int */,
				545E68A429257F7C006F4B85 /* color */,
			);
			path = extension;
			sourceTree = "<group>";
		};
		545E68A429257F7C006F4B85 /* color */ = {
			isa = PBXGroup;
			children = (
				545E68A529257F90006F4B85 /* Color.swift */,
			);
			path = color;
			sourceTree = "<group>";
		};
		54D5CE932926998B00B8275E /* data */ = {
			isa = PBXGroup;
			children = (
				54D5CE942926999200B8275E /* GoogleService-Info.plist */,
				54D5CE9629269A9600B8275E /* AppDelegate.swift */,
				54D5CE9929269AF000B8275E /* AppViewModel.swift */,
				54D5CE9F2926A03A00B8275E /* Navigation.swift */,
			);
			path = data;
			sourceTree = "<group>";
		};
		54D5CE9B29269E4100B8275E /* choose_option */ = {
			isa = PBXGroup;
			children = (
				54D5CE9C29269E5700B8275E /* view */,
			);
			path = choose_option;
			sourceTree = "<group>";
		};
		54D5CE9C29269E5700B8275E /* view */ = {
			isa = PBXGroup;
			children = (
				54D5CE9D29269E7200B8275E /* ChooseOptionView.swift */,
			);
			path = view;
			sourceTree = "<group>";
		};
		54D5CEA82926A9D000B8275E /* New Group */ = {
			isa = PBXGroup;
			children = (
				54D5CEAC2926C46A00B8275E /* textField */,
				54D5CEA92926A9E500B8275E /* text */,
			);
			path = "New Group";
			sourceTree = "<group>";
		};
		54D5CEA92926A9E500B8275E /* text */ = {
			isa = PBXGroup;
			children = (
				54D5CEAA2926A9F800B8275E /* Text.swift */,
			);
			path = text;
			sourceTree = "<group>";
		};
		54D5CEAC2926C46A00B8275E /* textField */ = {
			isa = PBXGroup;
			children = (
				54D5CEAD2926C48B00B8275E /* CustomTextField.swift */,
			);
			path = textField;
			sourceTree = "<group>";
		};
		54DD1B04292E7CA10082AE3E /* model */ = {
			isa = PBXGroup;
			children = (
			);
			path = model;
			sourceTree = "<group>";
		};
		54DD1B15292EAB970082AE3E /* edit_profile */ = {
			isa = PBXGroup;
			children = (
				54DD1B17292EABCC0082AE3E /* view */,
				54DD1B1D292EFC8A0082AE3E /* EditProfileViewModel.swift */,
			);
			path = edit_profile;
			sourceTree = "<group>";
		};
		54DD1B16292EABA40082AE3E /* change_password */ = {
			isa = PBXGroup;
			children = (
				54DD1B18292EABD00082AE3E /* view */,
				54DD1B23292FEC180082AE3E /* ChangePasswordViewModel.swift */,
			);
			path = change_password;
			sourceTree = "<group>";
		};
		54DD1B17292EABCC0082AE3E /* view */ = {
			isa = PBXGroup;
			children = (
				54DD1B1B292EAD420082AE3E /* EditProfileView.swift */,
			);
			path = view;
			sourceTree = "<group>";
		};
		54DD1B18292EABD00082AE3E /* view */ = {
			isa = PBXGroup;
			children = (
				54DD1B19292EAD100082AE3E /* ChangePasswordView.swift */,
			);
			path = view;
			sourceTree = "<group>";
		};
		54DD1B20292F5AEA0082AE3E /* Int */ = {
			isa = PBXGroup;
			children = (
				54DD1B21292F5AFC0082AE3E /* Int64.swift */,
			);
			path = Int;
			sourceTree = "<group>";
		};
		54DD1B27292FF2CC0082AE3E /* change_email */ = {
			isa = PBXGroup;
			children = (
				54DD1B28292FF2D30082AE3E /* view */,
				54DD1B2B292FF2EE0082AE3E /* ChangeEmailViewModel.swift */,
			);
			path = change_email;
			sourceTree = "<group>";
		};
		54DD1B28292FF2D30082AE3E /* view */ = {
			isa = PBXGroup;
			children = (
				54DD1B29292FF2DE0082AE3E /* ChangeEmailView.swift */,
			);
			path = view;
			sourceTree = "<group>";
		};
		54E12AAF292CDB1700A49B8D /* model */ = {
			isa = PBXGroup;
			children = (
			);
			path = model;
			sourceTree = "<group>";
		};
		54E12AB0292D205900A49B8D /* domain */ = {
			isa = PBXGroup;
			children = (
				54E12AB1292D205F00A49B8D /* model */,
			);
			path = domain;
			sourceTree = "<group>";
		};
		54E12AB1292D205F00A49B8D /* model */ = {
			isa = PBXGroup;
			children = (
				54E12AB2292D206B00A49B8D /* UserModel.swift */,
				54DD1B07292E7D480082AE3E /* OpinionsModel.swift */,
				54DD1B25292FEE890082AE3E /* ResultEnum.swift */,
			);
			path = model;
			sourceTree = "<group>";
		};
/* End PBXGroup section */

/* Begin PBXNativeTarget section */
		545E686A292541D2006F4B85 /* MarketAnalytics */ = {
			isa = PBXNativeTarget;
			buildConfigurationList = 545E6879292541D4006F4B85 /* Build configuration list for PBXNativeTarget "MarketAnalytics" */;
			buildPhases = (
				545E6867292541D2006F4B85 /* Sources */,
				545E6868292541D2006F4B85 /* Frameworks */,
				545E6869292541D2006F4B85 /* Resources */,
			);
			buildRules = (
			);
			dependencies = (
			);
			name = MarketAnalytics;
			packageProductDependencies = (
				54E12AA3292CC75A00A49B8D /* FirebaseAuth */,
				54E12AA5292CC75A00A49B8D /* FirebaseDatabase */,
				54E12AA7292CC75A00A49B8D /* FirebaseStorage */,
				54E12AA9292CC96A00A49B8D /* FirebaseAnalytics */,
				54E12AAB292CC9C300A49B8D /* FirebaseAnalyticsSwift */,
				54E12AAD292CCD5800A49B8D /* FirebaseFirestore */,
			);
			productName = MarketAnalytics;
			productReference = 545E686B292541D2006F4B85 /* MarketAnalytics.app */;
			productType = "com.apple.product-type.application";
		};
/* End PBXNativeTarget section */

/* Begin PBXProject section */
		545E6863292541D2006F4B85 /* Project object */ = {
			isa = PBXProject;
			attributes = {
				BuildIndependentTargetsInParallel = 1;
				LastSwiftUpdateCheck = 1410;
				LastUpgradeCheck = 1410;
				TargetAttributes = {
					545E686A292541D2006F4B85 = {
						CreatedOnToolsVersion = 14.1;
					};
				};
			};
			buildConfigurationList = 545E6866292541D2006F4B85 /* Build configuration list for PBXProject "MarketAnalytics" */;
			compatibilityVersion = "Xcode 13.0";
			developmentRegion = en;
			hasScannedForEncodings = 0;
			knownRegions = (
				en,
				Base,
			);
			mainGroup = 545E6862292541D2006F4B85;
			packageReferences = (
				54E12AA2292CC75A00A49B8D /* XCRemoteSwiftPackageReference "firebase-ios-sdk" */,
			);
			productRefGroup = 545E686C292541D2006F4B85 /* Products */;
			projectDirPath = "";
			projectRoot = "";
			targets = (
				545E686A292541D2006F4B85 /* MarketAnalytics */,
			);
		};
/* End PBXProject section */

/* Begin PBXResourcesBuildPhase section */
		545E6869292541D2006F4B85 /* Resources */ = {
			isa = PBXResourcesBuildPhase;
			buildActionMask = 2147483647;
			files = (
				545E6876292541D4006F4B85 /* Preview Assets.xcassets in Resources */,
				545E6873292541D4006F4B85 /* Assets.xcassets in Resources */,
				54D5CE952926999200B8275E /* GoogleService-Info.plist in Resources */,
			);
			runOnlyForDeploymentPostprocessing = 0;
		};
/* End PBXResourcesBuildPhase section */

/* Begin PBXSourcesBuildPhase section */
		545E6867292541D2006F4B85 /* Sources */ = {
			isa = PBXSourcesBuildPhase;
			buildActionMask = 2147483647;
			files = (
				54DD1B1C292EAD420082AE3E /* EditProfileView.swift in Sources */,
				54DD1B1A292EAD100082AE3E /* ChangePasswordView.swift in Sources */,
				545E6891292555F8006F4B85 /* StockView.swift in Sources */,
				54E12AB3292D206B00A49B8D /* UserModel.swift in Sources */,
				54D5CEB22926D2B200B8275E /* RegistrationViewModel.swift in Sources */,
				545E68A629257F90006F4B85 /* Color.swift in Sources */,
				545E689A29255676006F4B85 /* NewsView.swift in Sources */,
				545E68AA292586E8006F4B85 /* RegistrationView.swift in Sources */,
				54D5CEB02926C82000B8275E /* LoginViewModel.swift in Sources */,
				545E68A2292556BE006F4B85 /* ProfileView.swift in Sources */,
				545E68AE292587EF006F4B85 /* ContentView.swift in Sources */,
				54DD1B11292E87890082AE3E /* DescriptionProfileView.swift in Sources */,
				54D5CE9E29269E7200B8275E /* ChooseOptionView.swift in Sources */,
				54DD1B1E292EFC8A0082AE3E /* EditProfileViewModel.swift in Sources */,
				545E68A8292586D8006F4B85 /* ForgetPasswordView.swift in Sources */,
				54D5CEB42926D87C00B8275E /* ForgetPasswordViewModel.swift in Sources */,
				545E68AC2925870E006F4B85 /* LoginView.swift in Sources */,
				54DD1B08292E7D480082AE3E /* OpinionsModel.swift in Sources */,
				54D5CEA02926A03A00B8275E /* Navigation.swift in Sources */,
				54DD1B0F292E84F60082AE3E /* LikeTypeEnum.swift in Sources */,
				54D5CEAB2926A9F800B8275E /* Text.swift in Sources */,
				54DD1B2A292FF2DE0082AE3E /* ChangeEmailView.swift in Sources */,
				54D5CE9A29269AF000B8275E /* AppViewModel.swift in Sources */,
				54D1233B292A934800D1E41F /* SettingsViewModel.swift in Sources */,
				54DD1B26292FEE890082AE3E /* ResultEnum.swift in Sources */,
				54D5CE9729269A9600B8275E /* AppDelegate.swift in Sources */,
				54E12AB5292D44D200A49B8D /* ProfileViewModel.swift in Sources */,
				54DD1B2C292FF2EE0082AE3E /* ChangeEmailViewModel.swift in Sources */,
				545E686F292541D2006F4B85 /* MarketAnalyticsApp.swift in Sources */,
				54D5CEAE2926C48B00B8275E /* CustomTextField.swift in Sources */,
				54DD1B22292F5AFC0082AE3E /* Int64.swift in Sources */,
				54DD1B0A292E82BE0082AE3E /* TopBarProfileView.swift in Sources */,
				54D12339292A927100D1E41F /* SettingsView.swift in Sources */,
				54DD1B0C292E84B00082AE3E /* LikeProfileView.swift in Sources */,
				54DD1B24292FEC180082AE3E /* ChangePasswordViewModel.swift in Sources */,
				54DD1B14292E88E80082AE3E /* OpinionsProfileView.swift in Sources */,
			);
			runOnlyForDeploymentPostprocessing = 0;
		};
/* End PBXSourcesBuildPhase section */

/* Begin XCBuildConfiguration section */
		545E6877292541D4006F4B85 /* Debug */ = {
			isa = XCBuildConfiguration;
			buildSettings = {
				ALWAYS_SEARCH_USER_PATHS = NO;
				CLANG_ANALYZER_NONNULL = YES;
				CLANG_ANALYZER_NUMBER_OBJECT_CONVERSION = YES_AGGRESSIVE;
				CLANG_CXX_LANGUAGE_STANDARD = "gnu++20";
				CLANG_ENABLE_MODULES = YES;
				CLANG_ENABLE_OBJC_ARC = YES;
				CLANG_ENABLE_OBJC_WEAK = YES;
				CLANG_WARN_BLOCK_CAPTURE_AUTORELEASING = YES;
				CLANG_WARN_BOOL_CONVERSION = YES;
				CLANG_WARN_COMMA = YES;
				CLANG_WARN_CONSTANT_CONVERSION = YES;
				CLANG_WARN_DEPRECATED_OBJC_IMPLEMENTATIONS = YES;
				CLANG_WARN_DIRECT_OBJC_ISA_USAGE = YES_ERROR;
				CLANG_WARN_DOCUMENTATION_COMMENTS = YES;
				CLANG_WARN_EMPTY_BODY = YES;
				CLANG_WARN_ENUM_CONVERSION = YES;
				CLANG_WARN_INFINITE_RECURSION = YES;
				CLANG_WARN_INT_CONVERSION = YES;
				CLANG_WARN_NON_LITERAL_NULL_CONVERSION = YES;
				CLANG_WARN_OBJC_IMPLICIT_RETAIN_SELF = YES;
				CLANG_WARN_OBJC_LITERAL_CONVERSION = YES;
				CLANG_WARN_OBJC_ROOT_CLASS = YES_ERROR;
				CLANG_WARN_QUOTED_INCLUDE_IN_FRAMEWORK_HEADER = YES;
				CLANG_WARN_RANGE_LOOP_ANALYSIS = YES;
				CLANG_WARN_STRICT_PROTOTYPES = YES;
				CLANG_WARN_SUSPICIOUS_MOVE = YES;
				CLANG_WARN_UNGUARDED_AVAILABILITY = YES_AGGRESSIVE;
				CLANG_WARN_UNREACHABLE_CODE = YES;
				CLANG_WARN__DUPLICATE_METHOD_MATCH = YES;
				COPY_PHASE_STRIP = NO;
				DEBUG_INFORMATION_FORMAT = dwarf;
				ENABLE_STRICT_OBJC_MSGSEND = YES;
				ENABLE_TESTABILITY = YES;
				GCC_C_LANGUAGE_STANDARD = gnu11;
				GCC_DYNAMIC_NO_PIC = NO;
				GCC_NO_COMMON_BLOCKS = YES;
				GCC_OPTIMIZATION_LEVEL = 0;
				GCC_PREPROCESSOR_DEFINITIONS = (
					"DEBUG=1",
					"$(inherited)",
				);
				GCC_WARN_64_TO_32_BIT_CONVERSION = YES;
				GCC_WARN_ABOUT_RETURN_TYPE = YES_ERROR;
				GCC_WARN_UNDECLARED_SELECTOR = YES;
				GCC_WARN_UNINITIALIZED_AUTOS = YES_AGGRESSIVE;
				GCC_WARN_UNUSED_FUNCTION = YES;
				GCC_WARN_UNUSED_VARIABLE = YES;
				IPHONEOS_DEPLOYMENT_TARGET = 16.1;
				MTL_ENABLE_DEBUG_INFO = INCLUDE_SOURCE;
				MTL_FAST_MATH = YES;
				ONLY_ACTIVE_ARCH = YES;
				SDKROOT = iphoneos;
				SWIFT_ACTIVE_COMPILATION_CONDITIONS = DEBUG;
				SWIFT_OPTIMIZATION_LEVEL = "-Onone";
			};
			name = Debug;
		};
		545E6878292541D4006F4B85 /* Release */ = {
			isa = XCBuildConfiguration;
			buildSettings = {
				ALWAYS_SEARCH_USER_PATHS = NO;
				CLANG_ANALYZER_NONNULL = YES;
				CLANG_ANALYZER_NUMBER_OBJECT_CONVERSION = YES_AGGRESSIVE;
				CLANG_CXX_LANGUAGE_STANDARD = "gnu++20";
				CLANG_ENABLE_MODULES = YES;
				CLANG_ENABLE_OBJC_ARC = YES;
				CLANG_ENABLE_OBJC_WEAK = YES;
				CLANG_WARN_BLOCK_CAPTURE_AUTORELEASING = YES;
				CLANG_WARN_BOOL_CONVERSION = YES;
				CLANG_WARN_COMMA = YES;
				CLANG_WARN_CONSTANT_CONVERSION = YES;
				CLANG_WARN_DEPRECATED_OBJC_IMPLEMENTATIONS = YES;
				CLANG_WARN_DIRECT_OBJC_ISA_USAGE = YES_ERROR;
				CLANG_WARN_DOCUMENTATION_COMMENTS = YES;
				CLANG_WARN_EMPTY_BODY = YES;
				CLANG_WARN_ENUM_CONVERSION = YES;
				CLANG_WARN_INFINITE_RECURSION = YES;
				CLANG_WARN_INT_CONVERSION = YES;
				CLANG_WARN_NON_LITERAL_NULL_CONVERSION = YES;
				CLANG_WARN_OBJC_IMPLICIT_RETAIN_SELF = YES;
				CLANG_WARN_OBJC_LITERAL_CONVERSION = YES;
				CLANG_WARN_OBJC_ROOT_CLASS = YES_ERROR;
				CLANG_WARN_QUOTED_INCLUDE_IN_FRAMEWORK_HEADER = YES;
				CLANG_WARN_RANGE_LOOP_ANALYSIS = YES;
				CLANG_WARN_STRICT_PROTOTYPES = YES;
				CLANG_WARN_SUSPICIOUS_MOVE = YES;
				CLANG_WARN_UNGUARDED_AVAILABILITY = YES_AGGRESSIVE;
				CLANG_WARN_UNREACHABLE_CODE = YES;
				CLANG_WARN__DUPLICATE_METHOD_MATCH = YES;
				COPY_PHASE_STRIP = NO;
				DEBUG_INFORMATION_FORMAT = "dwarf-with-dsym";
				ENABLE_NS_ASSERTIONS = NO;
				ENABLE_STRICT_OBJC_MSGSEND = YES;
				GCC_C_LANGUAGE_STANDARD = gnu11;
				GCC_NO_COMMON_BLOCKS = YES;
				GCC_WARN_64_TO_32_BIT_CONVERSION = YES;
				GCC_WARN_ABOUT_RETURN_TYPE = YES_ERROR;
				GCC_WARN_UNDECLARED_SELECTOR = YES;
				GCC_WARN_UNINITIALIZED_AUTOS = YES_AGGRESSIVE;
				GCC_WARN_UNUSED_FUNCTION = YES;
				GCC_WARN_UNUSED_VARIABLE = YES;
				IPHONEOS_DEPLOYMENT_TARGET = 16.1;
				MTL_ENABLE_DEBUG_INFO = NO;
				MTL_FAST_MATH = YES;
				SDKROOT = iphoneos;
				SWIFT_COMPILATION_MODE = wholemodule;
				SWIFT_OPTIMIZATION_LEVEL = "-O";
				VALIDATE_PRODUCT = YES;
			};
			name = Release;
		};
		545E687A292541D4006F4B85 /* Debug */ = {
			isa = XCBuildConfiguration;
			buildSettings = {
				ASSETCATALOG_COMPILER_APPICON_NAME = AppIcon;
				ASSETCATALOG_COMPILER_GLOBAL_ACCENT_COLOR_NAME = AccentColor;
				CODE_SIGN_STYLE = Automatic;
				CURRENT_PROJECT_VERSION = 1;
				DEVELOPMENT_ASSET_PATHS = "\"MarketAnalytics/Preview Content\"";
				DEVELOPMENT_TEAM = 4B2X8MNS9M;
				ENABLE_PREVIEWS = YES;
				GENERATE_INFOPLIST_FILE = YES;
				INFOPLIST_FILE = MarketAnalytics/Info.plist;
				INFOPLIST_KEY_CFBundleDisplayName = "Market Analytics";
				INFOPLIST_KEY_LSApplicationCategoryType = "public.app-category.finance";
				INFOPLIST_KEY_UIApplicationSceneManifest_Generation = YES;
				INFOPLIST_KEY_UIApplicationSupportsIndirectInputEvents = YES;
				INFOPLIST_KEY_UILaunchScreen_Generation = YES;
				INFOPLIST_KEY_UISupportedInterfaceOrientations = UIInterfaceOrientationPortrait;
				INFOPLIST_KEY_UISupportedInterfaceOrientations_iPad = "UIInterfaceOrientationLandscapeLeft UIInterfaceOrientationLandscapeRight UIInterfaceOrientationPortrait UIInterfaceOrientationPortraitUpsideDown";
				LD_RUNPATH_SEARCH_PATHS = (
					"$(inherited)",
					"@executable_path/Frameworks",
				);
				MARKETING_VERSION = 1.0;
				PRODUCT_BUNDLE_IDENTIFIER = com.future.MarketAnalytics;
				PRODUCT_NAME = "$(TARGET_NAME)";
				SUPPORTED_PLATFORMS = "iphoneos iphonesimulator";
				SUPPORTS_MACCATALYST = NO;
				SUPPORTS_MAC_DESIGNED_FOR_IPHONE_IPAD = NO;
				SWIFT_EMIT_LOC_STRINGS = YES;
				SWIFT_VERSION = 5.0;
				TARGETED_DEVICE_FAMILY = 1;
			};
			name = Debug;
		};
		545E687B292541D4006F4B85 /* Release */ = {
			isa = XCBuildConfiguration;
			buildSettings = {
				ASSETCATALOG_COMPILER_APPICON_NAME = AppIcon;
				ASSETCATALOG_COMPILER_GLOBAL_ACCENT_COLOR_NAME = AccentColor;
				CODE_SIGN_STYLE = Automatic;
				CURRENT_PROJECT_VERSION = 1;
				DEVELOPMENT_ASSET_PATHS = "\"MarketAnalytics/Preview Content\"";
				DEVELOPMENT_TEAM = 4B2X8MNS9M;
				ENABLE_PREVIEWS = YES;
				GENERATE_INFOPLIST_FILE = YES;
				INFOPLIST_FILE = MarketAnalytics/Info.plist;
				INFOPLIST_KEY_CFBundleDisplayName = "Market Analytics";
				INFOPLIST_KEY_LSApplicationCategoryType = "public.app-category.finance";
				INFOPLIST_KEY_UIApplicationSceneManifest_Generation = YES;
				INFOPLIST_KEY_UIApplicationSupportsIndirectInputEvents = YES;
				INFOPLIST_KEY_UILaunchScreen_Generation = YES;
				INFOPLIST_KEY_UISupportedInterfaceOrientations = UIInterfaceOrientationPortrait;
				INFOPLIST_KEY_UISupportedInterfaceOrientations_iPad = "UIInterfaceOrientationLandscapeLeft UIInterfaceOrientationLandscapeRight UIInterfaceOrientationPortrait UIInterfaceOrientationPortraitUpsideDown";
				LD_RUNPATH_SEARCH_PATHS = (
					"$(inherited)",
					"@executable_path/Frameworks",
				);
				MARKETING_VERSION = 1.0;
				PRODUCT_BUNDLE_IDENTIFIER = com.future.MarketAnalytics;
				PRODUCT_NAME = "$(TARGET_NAME)";
				SUPPORTED_PLATFORMS = "iphoneos iphonesimulator";
				SUPPORTS_MACCATALYST = NO;
				SUPPORTS_MAC_DESIGNED_FOR_IPHONE_IPAD = NO;
				SWIFT_EMIT_LOC_STRINGS = YES;
				SWIFT_VERSION = 5.0;
				TARGETED_DEVICE_FAMILY = 1;
			};
			name = Release;
		};
/* End XCBuildConfiguration section */

/* Begin XCConfigurationList section */
		545E6866292541D2006F4B85 /* Build configuration list for PBXProject "MarketAnalytics" */ = {
			isa = XCConfigurationList;
			buildConfigurations = (
				545E6877292541D4006F4B85 /* Debug */,
				545E6878292541D4006F4B85 /* Release */,
			);
			defaultConfigurationIsVisible = 0;
			defaultConfigurationName = Release;
		};
		545E6879292541D4006F4B85 /* Build configuration list for PBXNativeTarget "MarketAnalytics" */ = {
			isa = XCConfigurationList;
			buildConfigurations = (
				545E687A292541D4006F4B85 /* Debug */,
				545E687B292541D4006F4B85 /* Release */,
			);
			defaultConfigurationIsVisible = 0;
			defaultConfigurationName = Release;
		};
/* End XCConfigurationList section */

/* Begin XCRemoteSwiftPackageReference section */
		54E12AA2292CC75A00A49B8D /* XCRemoteSwiftPackageReference "firebase-ios-sdk" */ = {
			isa = XCRemoteSwiftPackageReference;
			repositoryURL = "https://github.com/firebase/firebase-ios-sdk";
			requirement = {
				branch = master;
				kind = branch;
			};
		};
/* End XCRemoteSwiftPackageReference section */

/* Begin XCSwiftPackageProductDependency section */
		54E12AA3292CC75A00A49B8D /* FirebaseAuth */ = {
			isa = XCSwiftPackageProductDependency;
			package = 54E12AA2292CC75A00A49B8D /* XCRemoteSwiftPackageReference "firebase-ios-sdk" */;
			productName = FirebaseAuth;
		};
		54E12AA5292CC75A00A49B8D /* FirebaseDatabase */ = {
			isa = XCSwiftPackageProductDependency;
			package = 54E12AA2292CC75A00A49B8D /* XCRemoteSwiftPackageReference "firebase-ios-sdk" */;
			productName = FirebaseDatabase;
		};
		54E12AA7292CC75A00A49B8D /* FirebaseStorage */ = {
			isa = XCSwiftPackageProductDependency;
			package = 54E12AA2292CC75A00A49B8D /* XCRemoteSwiftPackageReference "firebase-ios-sdk" */;
			productName = FirebaseStorage;
		};
		54E12AA9292CC96A00A49B8D /* FirebaseAnalytics */ = {
			isa = XCSwiftPackageProductDependency;
			package = 54E12AA2292CC75A00A49B8D /* XCRemoteSwiftPackageReference "firebase-ios-sdk" */;
			productName = FirebaseAnalytics;
		};
		54E12AAB292CC9C300A49B8D /* FirebaseAnalyticsSwift */ = {
			isa = XCSwiftPackageProductDependency;
			package = 54E12AA2292CC75A00A49B8D /* XCRemoteSwiftPackageReference "firebase-ios-sdk" */;
			productName = FirebaseAnalyticsSwift;
		};
		54E12AAD292CCD5800A49B8D /* FirebaseFirestore */ = {
			isa = XCSwiftPackageProductDependency;
			package = 54E12AA2292CC75A00A49B8D /* XCRemoteSwiftPackageReference "firebase-ios-sdk" */;
			productName = FirebaseFirestore;
		};
/* End XCSwiftPackageProductDependency section */
	};
	rootObject = 545E6863292541D2006F4B85 /* Project object */;
}
