// !$*UTF8*$!
{
	archiveVersion = 1;
	classes = {
	};
	objectVersion = 56;
	objects = {

/* Begin PBXBuildFile section */
		545E686F292541D2006F4B85 /* MarketAnalyticsApp.swift in Sources */ = {isa = PBXBuildFile; fileRef = 545E686E292541D2006F4B85 /* MarketAnalyticsApp.swift */; };
		545E6873292541D4006F4B85 /* Assets.xcassets in Resources */ = {isa = PBXBuildFile; fileRef = 545E6872292541D4006F4B85 /* Assets.xcassets */; };
		545E6876292541D4006F4B85 /* Preview Assets.xcassets in Resources */ = {isa = PBXBuildFile; fileRef = 545E6875292541D4006F4B85 /* Preview Assets.xcassets */; };
		545E6891292555F8006F4B85 /* StockView.swift in Sources */ = {isa = PBXBuildFile; fileRef = 545E6890292555F8006F4B85 /* StockView.swift */; };
		545E689A29255676006F4B85 /* NewsView.swift in Sources */ = {isa = PBXBuildFile; fileRef = 545E689929255676006F4B85 /* NewsView.swift */; };
		545E68A2292556BE006F4B85 /* ProfileView.swift in Sources */ = {isa = PBXBuildFile; fileRef = 545E68A1292556BE006F4B85 /* ProfileView.swift */; };
/* End PBXBuildFile section */

/* Begin PBXFileReference section */
		545E686B292541D2006F4B85 /* MarketAnalytics.app */ = {isa = PBXFileReference; explicitFileType = wrapper.application; includeInIndex = 0; path = MarketAnalytics.app; sourceTree = BUILT_PRODUCTS_DIR; };
		545E686E292541D2006F4B85 /* MarketAnalyticsApp.swift */ = {isa = PBXFileReference; lastKnownFileType = sourcecode.swift; path = MarketAnalyticsApp.swift; sourceTree = "<group>"; };
		545E6872292541D4006F4B85 /* Assets.xcassets */ = {isa = PBXFileReference; lastKnownFileType = folder.assetcatalog; path = Assets.xcassets; sourceTree = "<group>"; };
		545E6875292541D4006F4B85 /* Preview Assets.xcassets */ = {isa = PBXFileReference; lastKnownFileType = folder.assetcatalog; path = "Preview Assets.xcassets"; sourceTree = "<group>"; };
		545E6890292555F8006F4B85 /* StockView.swift */ = {isa = PBXFileReference; lastKnownFileType = sourcecode.swift; path = StockView.swift; sourceTree = "<group>"; };
		545E689929255676006F4B85 /* NewsView.swift */ = {isa = PBXFileReference; lastKnownFileType = sourcecode.swift; path = NewsView.swift; sourceTree = "<group>"; };
		545E68A1292556BE006F4B85 /* ProfileView.swift */ = {isa = PBXFileReference; lastKnownFileType = sourcecode.swift; path = ProfileView.swift; sourceTree = "<group>"; };
/* End PBXFileReference section */

/* Begin PBXFrameworksBuildPhase section */
		545E6868292541D2006F4B85 /* Frameworks */ = {
			isa = PBXFrameworksBuildPhase;
			buildActionMask = 2147483647;
			files = (
			);
			runOnlyForDeploymentPostprocessing = 0;
		};
/* End PBXFrameworksBuildPhase section */

/* Begin PBXGroup section */
		545E6862292541D2006F4B85 = {
			isa = PBXGroup;
			children = (
				545E686D292541D2006F4B85 /* MarketAnalytics */,
				545E686C292541D2006F4B85 /* Products */,
			);
			sourceTree = "<group>";
		};
		545E686C292541D2006F4B85 /* Products */ = {
			isa = PBXGroup;
			children = (
				545E686B292541D2006F4B85 /* MarketAnalytics.app */,
			);
			name = Products;
			sourceTree = "<group>";
		};
		545E686D292541D2006F4B85 /* MarketAnalytics */ = {
			isa = PBXGroup;
			children = (
				545E68922925561E006F4B85 /* feature_news */,
				545E688129255481006F4B85 /* feauter_stock */,
				545E68802925546E006F4B85 /* feauter_admin_panel */,
				545E687F2925545E006F4B85 /* feauter_profile */,
				545E687E29255443006F4B85 /* feauter_messages */,
				545E687D292553E9006F4B85 /* feauter_login_register */,
				545E687C2925537E006F4B85 /* core */,
				545E686E292541D2006F4B85 /* MarketAnalyticsApp.swift */,
				545E6872292541D4006F4B85 /* Assets.xcassets */,
				545E6874292541D4006F4B85 /* Preview Content */,
			);
			path = MarketAnalytics;
			sourceTree = "<group>";
		};
		545E6874292541D4006F4B85 /* Preview Content */ = {
			isa = PBXGroup;
			children = (
				545E6875292541D4006F4B85 /* Preview Assets.xcassets */,
			);
			path = "Preview Content";
			sourceTree = "<group>";
		};
		545E687C2925537E006F4B85 /* core */ = {
			isa = PBXGroup;
			children = (
			);
			path = core;
			sourceTree = "<group>";
		};
		545E687D292553E9006F4B85 /* feauter_login_register */ = {
			isa = PBXGroup;
			children = (
				545E6883292554DB006F4B85 /* domain */,
				545E6882292554D3006F4B85 /* presentation */,
			);
			path = feauter_login_register;
			sourceTree = "<group>";
		};
		545E687E29255443006F4B85 /* feauter_messages */ = {
			isa = PBXGroup;
			children = (
			);
			path = feauter_messages;
			sourceTree = "<group>";
		};
		545E687F2925545E006F4B85 /* feauter_profile */ = {
			isa = PBXGroup;
			children = (
				545E689C29255693006F4B85 /* domain */,
				545E689B29255685006F4B85 /* presentation */,
			);
			path = feauter_profile;
			sourceTree = "<group>";
		};
		545E68802925546E006F4B85 /* feauter_admin_panel */ = {
			isa = PBXGroup;
			children = (
			);
			path = feauter_admin_panel;
			sourceTree = "<group>";
		};
		545E688129255481006F4B85 /* feauter_stock */ = {
			isa = PBXGroup;
			children = (
				545E688A29255533006F4B85 /* domain */,
				545E688B29255538006F4B85 /* presentation */,
			);
			path = feauter_stock;
			sourceTree = "<group>";
		};
		545E6882292554D3006F4B85 /* presentation */ = {
			isa = PBXGroup;
			children = (
				545E688629255504006F4B85 /* forget_password */,
				545E6885292554FE006F4B85 /* registration */,
				545E6884292554F2006F4B85 /* login */,
			);
			path = presentation;
			sourceTree = "<group>";
		};
		545E6883292554DB006F4B85 /* domain */ = {
			isa = PBXGroup;
			children = (
			);
			path = domain;
			sourceTree = "<group>";
		};
		545E6884292554F2006F4B85 /* login */ = {
			isa = PBXGroup;
			children = (
				545E688929255522006F4B85 /* view */,
			);
			path = login;
			sourceTree = "<group>";
		};
		545E6885292554FE006F4B85 /* registration */ = {
			isa = PBXGroup;
			children = (
				545E68882925551E006F4B85 /* view */,
			);
			path = registration;
			sourceTree = "<group>";
		};
		545E688629255504006F4B85 /* forget_password */ = {
			isa = PBXGroup;
			children = (
				545E688729255517006F4B85 /* view */,
			);
			path = forget_password;
			sourceTree = "<group>";
		};
		545E688729255517006F4B85 /* view */ = {
			isa = PBXGroup;
			children = (
			);
			path = view;
			sourceTree = "<group>";
		};
		545E68882925551E006F4B85 /* view */ = {
			isa = PBXGroup;
			children = (
			);
			path = view;
			sourceTree = "<group>";
		};
		545E688929255522006F4B85 /* view */ = {
			isa = PBXGroup;
			children = (
			);
			path = view;
			sourceTree = "<group>";
		};
		545E688A29255533006F4B85 /* domain */ = {
			isa = PBXGroup;
			children = (
			);
			path = domain;
			sourceTree = "<group>";
		};
		545E688B29255538006F4B85 /* presentation */ = {
			isa = PBXGroup;
			children = (
				545E688D2925555F006F4B85 /* shere */,
				545E688C29255543006F4B85 /* stock */,
			);
			path = presentation;
			sourceTree = "<group>";
		};
		545E688C29255543006F4B85 /* stock */ = {
			isa = PBXGroup;
			children = (
				545E688E292555E2006F4B85 /* view */,
			);
			path = stock;
			sourceTree = "<group>";
		};
		545E688D2925555F006F4B85 /* shere */ = {
			isa = PBXGroup;
			children = (
				545E688F292555E6006F4B85 /* view */,
			);
			path = shere;
			sourceTree = "<group>";
		};
		545E688E292555E2006F4B85 /* view */ = {
			isa = PBXGroup;
			children = (
				545E6890292555F8006F4B85 /* StockView.swift */,
			);
			path = view;
			sourceTree = "<group>";
		};
		545E688F292555E6006F4B85 /* view */ = {
			isa = PBXGroup;
			children = (
			);
			path = view;
			sourceTree = "<group>";
		};
		545E68922925561E006F4B85 /* feature_news */ = {
			isa = PBXGroup;
			children = (
				545E689329255629006F4B85 /* domain */,
				545E689429255632006F4B85 /* presentation */,
			);
			path = feature_news;
			sourceTree = "<group>";
		};
		545E689329255629006F4B85 /* domain */ = {
			isa = PBXGroup;
			children = (
			);
			path = domain;
			sourceTree = "<group>";
		};
		545E689429255632006F4B85 /* presentation */ = {
			isa = PBXGroup;
			children = (
				545E689729255664006F4B85 /* information */,
				545E68952925563A006F4B85 /* news */,
			);
			path = presentation;
			sourceTree = "<group>";
		};
		545E68952925563A006F4B85 /* news */ = {
			isa = PBXGroup;
			children = (
				545E689629255660006F4B85 /* view */,
			);
			path = news;
			sourceTree = "<group>";
		};
		545E689629255660006F4B85 /* view */ = {
			isa = PBXGroup;
			children = (
				545E689929255676006F4B85 /* NewsView.swift */,
			);
			path = view;
			sourceTree = "<group>";
		};
		545E689729255664006F4B85 /* information */ = {
			isa = PBXGroup;
			children = (
				545E68982925566A006F4B85 /* view */,
			);
			path = information;
			sourceTree = "<group>";
		};
		545E68982925566A006F4B85 /* view */ = {
			isa = PBXGroup;
			children = (
			);
			path = view;
			sourceTree = "<group>";
		};
		545E689B29255685006F4B85 /* presentation */ = {
			isa = PBXGroup;
			children = (
				545E689E292556A7006F4B85 /* settings */,
				545E689D2925569E006F4B85 /* profile */,
			);
			path = presentation;
			sourceTree = "<group>";
		};
		545E689C29255693006F4B85 /* domain */ = {
			isa = PBXGroup;
			children = (
			);
			path = domain;
			sourceTree = "<group>";
		};
		545E689D2925569E006F4B85 /* profile */ = {
			isa = PBXGroup;
			children = (
				545E689F292556AD006F4B85 /* view */,
			);
			path = profile;
			sourceTree = "<group>";
		};
		545E689E292556A7006F4B85 /* settings */ = {
			isa = PBXGroup;
			children = (
				545E68A0292556B1006F4B85 /* view */,
			);
			path = settings;
			sourceTree = "<group>";
		};
		545E689F292556AD006F4B85 /* view */ = {
			isa = PBXGroup;
			children = (
				545E68A1292556BE006F4B85 /* ProfileView.swift */,
			);
			path = view;
			sourceTree = "<group>";
		};
		545E68A0292556B1006F4B85 /* view */ = {
			isa = PBXGroup;
			children = (
			);
			path = view;
			sourceTree = "<group>";
		};
/* End PBXGroup section */

/* Begin PBXNativeTarget section */
		545E686A292541D2006F4B85 /* MarketAnalytics */ = {
			isa = PBXNativeTarget;
			buildConfigurationList = 545E6879292541D4006F4B85 /* Build configuration list for PBXNativeTarget "MarketAnalytics" */;
			buildPhases = (
				545E6867292541D2006F4B85 /* Sources */,
				545E6868292541D2006F4B85 /* Frameworks */,
				545E6869292541D2006F4B85 /* Resources */,
			);
			buildRules = (
			);
			dependencies = (
			);
			name = MarketAnalytics;
			productName = MarketAnalytics;
			productReference = 545E686B292541D2006F4B85 /* MarketAnalytics.app */;
			productType = "com.apple.product-type.application";
		};
/* End PBXNativeTarget section */

/* Begin PBXProject section */
		545E6863292541D2006F4B85 /* Project object */ = {
			isa = PBXProject;
			attributes = {
				BuildIndependentTargetsInParallel = 1;
				LastSwiftUpdateCheck = 1410;
				LastUpgradeCheck = 1410;
				TargetAttributes = {
					545E686A292541D2006F4B85 = {
						CreatedOnToolsVersion = 14.1;
					};
				};
			};
			buildConfigurationList = 545E6866292541D2006F4B85 /* Build configuration list for PBXProject "MarketAnalytics" */;
			compatibilityVersion = "Xcode 14.0";
			developmentRegion = en;
			hasScannedForEncodings = 0;
			knownRegions = (
				en,
				Base,
			);
			mainGroup = 545E6862292541D2006F4B85;
			productRefGroup = 545E686C292541D2006F4B85 /* Products */;
			projectDirPath = "";
			projectRoot = "";
			targets = (
				545E686A292541D2006F4B85 /* MarketAnalytics */,
			);
		};
/* End PBXProject section */

/* Begin PBXResourcesBuildPhase section */
		545E6869292541D2006F4B85 /* Resources */ = {
			isa = PBXResourcesBuildPhase;
			buildActionMask = 2147483647;
			files = (
				545E6876292541D4006F4B85 /* Preview Assets.xcassets in Resources */,
				545E6873292541D4006F4B85 /* Assets.xcassets in Resources */,
			);
			runOnlyForDeploymentPostprocessing = 0;
		};
/* End PBXResourcesBuildPhase section */

/* Begin PBXSourcesBuildPhase section */
		545E6867292541D2006F4B85 /* Sources */ = {
			isa = PBXSourcesBuildPhase;
			buildActionMask = 2147483647;
			files = (
				545E6891292555F8006F4B85 /* StockView.swift in Sources */,
				545E689A29255676006F4B85 /* NewsView.swift in Sources */,
				545E68A2292556BE006F4B85 /* ProfileView.swift in Sources */,
				545E686F292541D2006F4B85 /* MarketAnalyticsApp.swift in Sources */,
			);
			runOnlyForDeploymentPostprocessing = 0;
		};
/* End PBXSourcesBuildPhase section */

/* Begin XCBuildConfiguration section */
		545E6877292541D4006F4B85 /* Debug */ = {
			isa = XCBuildConfiguration;
			buildSettings = {
				ALWAYS_SEARCH_USER_PATHS = NO;
				CLANG_ANALYZER_NONNULL = YES;
				CLANG_ANALYZER_NUMBER_OBJECT_CONVERSION = YES_AGGRESSIVE;
				CLANG_CXX_LANGUAGE_STANDARD = "gnu++20";
				CLANG_ENABLE_MODULES = YES;
				CLANG_ENABLE_OBJC_ARC = YES;
				CLANG_ENABLE_OBJC_WEAK = YES;
				CLANG_WARN_BLOCK_CAPTURE_AUTORELEASING = YES;
				CLANG_WARN_BOOL_CONVERSION = YES;
				CLANG_WARN_COMMA = YES;
				CLANG_WARN_CONSTANT_CONVERSION = YES;
				CLANG_WARN_DEPRECATED_OBJC_IMPLEMENTATIONS = YES;
				CLANG_WARN_DIRECT_OBJC_ISA_USAGE = YES_ERROR;
				CLANG_WARN_DOCUMENTATION_COMMENTS = YES;
				CLANG_WARN_EMPTY_BODY = YES;
				CLANG_WARN_ENUM_CONVERSION = YES;
				CLANG_WARN_INFINITE_RECURSION = YES;
				CLANG_WARN_INT_CONVERSION = YES;
				CLANG_WARN_NON_LITERAL_NULL_CONVERSION = YES;
				CLANG_WARN_OBJC_IMPLICIT_RETAIN_SELF = YES;
				CLANG_WARN_OBJC_LITERAL_CONVERSION = YES;
				CLANG_WARN_OBJC_ROOT_CLASS = YES_ERROR;
				CLANG_WARN_QUOTED_INCLUDE_IN_FRAMEWORK_HEADER = YES;
				CLANG_WARN_RANGE_LOOP_ANALYSIS = YES;
				CLANG_WARN_STRICT_PROTOTYPES = YES;
				CLANG_WARN_SUSPICIOUS_MOVE = YES;
				CLANG_WARN_UNGUARDED_AVAILABILITY = YES_AGGRESSIVE;
				CLANG_WARN_UNREACHABLE_CODE = YES;
				CLANG_WARN__DUPLICATE_METHOD_MATCH = YES;
				COPY_PHASE_STRIP = NO;
				DEBUG_INFORMATION_FORMAT = dwarf;
				ENABLE_STRICT_OBJC_MSGSEND = YES;
				ENABLE_TESTABILITY = YES;
				GCC_C_LANGUAGE_STANDARD = gnu11;
				GCC_DYNAMIC_NO_PIC = NO;
				GCC_NO_COMMON_BLOCKS = YES;
				GCC_OPTIMIZATION_LEVEL = 0;
				GCC_PREPROCESSOR_DEFINITIONS = (
					"DEBUG=1",
					"$(inherited)",
				);
				GCC_WARN_64_TO_32_BIT_CONVERSION = YES;
				GCC_WARN_ABOUT_RETURN_TYPE = YES_ERROR;
				GCC_WARN_UNDECLARED_SELECTOR = YES;
				GCC_WARN_UNINITIALIZED_AUTOS = YES_AGGRESSIVE;
				GCC_WARN_UNUSED_FUNCTION = YES;
				GCC_WARN_UNUSED_VARIABLE = YES;
				IPHONEOS_DEPLOYMENT_TARGET = 16.1;
				MTL_ENABLE_DEBUG_INFO = INCLUDE_SOURCE;
				MTL_FAST_MATH = YES;
				ONLY_ACTIVE_ARCH = YES;
				SDKROOT = iphoneos;
				SWIFT_ACTIVE_COMPILATION_CONDITIONS = DEBUG;
				SWIFT_OPTIMIZATION_LEVEL = "-Onone";
			};
			name = Debug;
		};
		545E6878292541D4006F4B85 /* Release */ = {
			isa = XCBuildConfiguration;
			buildSettings = {
				ALWAYS_SEARCH_USER_PATHS = NO;
				CLANG_ANALYZER_NONNULL = YES;
				CLANG_ANALYZER_NUMBER_OBJECT_CONVERSION = YES_AGGRESSIVE;
				CLANG_CXX_LANGUAGE_STANDARD = "gnu++20";
				CLANG_ENABLE_MODULES = YES;
				CLANG_ENABLE_OBJC_ARC = YES;
				CLANG_ENABLE_OBJC_WEAK = YES;
				CLANG_WARN_BLOCK_CAPTURE_AUTORELEASING = YES;
				CLANG_WARN_BOOL_CONVERSION = YES;
				CLANG_WARN_COMMA = YES;
				CLANG_WARN_CONSTANT_CONVERSION = YES;
				CLANG_WARN_DEPRECATED_OBJC_IMPLEMENTATIONS = YES;
				CLANG_WARN_DIRECT_OBJC_ISA_USAGE = YES_ERROR;
				CLANG_WARN_DOCUMENTATION_COMMENTS = YES;
				CLANG_WARN_EMPTY_BODY = YES;
				CLANG_WARN_ENUM_CONVERSION = YES;
				CLANG_WARN_INFINITE_RECURSION = YES;
				CLANG_WARN_INT_CONVERSION = YES;
				CLANG_WARN_NON_LITERAL_NULL_CONVERSION = YES;
				CLANG_WARN_OBJC_IMPLICIT_RETAIN_SELF = YES;
				CLANG_WARN_OBJC_LITERAL_CONVERSION = YES;
				CLANG_WARN_OBJC_ROOT_CLASS = YES_ERROR;
				CLANG_WARN_QUOTED_INCLUDE_IN_FRAMEWORK_HEADER = YES;
				CLANG_WARN_RANGE_LOOP_ANALYSIS = YES;
				CLANG_WARN_STRICT_PROTOTYPES = YES;
				CLANG_WARN_SUSPICIOUS_MOVE = YES;
				CLANG_WARN_UNGUARDED_AVAILABILITY = YES_AGGRESSIVE;
				CLANG_WARN_UNREACHABLE_CODE = YES;
				CLANG_WARN__DUPLICATE_METHOD_MATCH = YES;
				COPY_PHASE_STRIP = NO;
				DEBUG_INFORMATION_FORMAT = "dwarf-with-dsym";
				ENABLE_NS_ASSERTIONS = NO;
				ENABLE_STRICT_OBJC_MSGSEND = YES;
				GCC_C_LANGUAGE_STANDARD = gnu11;
				GCC_NO_COMMON_BLOCKS = YES;
				GCC_WARN_64_TO_32_BIT_CONVERSION = YES;
				GCC_WARN_ABOUT_RETURN_TYPE = YES_ERROR;
				GCC_WARN_UNDECLARED_SELECTOR = YES;
				GCC_WARN_UNINITIALIZED_AUTOS = YES_AGGRESSIVE;
				GCC_WARN_UNUSED_FUNCTION = YES;
				GCC_WARN_UNUSED_VARIABLE = YES;
				IPHONEOS_DEPLOYMENT_TARGET = 16.1;
				MTL_ENABLE_DEBUG_INFO = NO;
				MTL_FAST_MATH = YES;
				SDKROOT = iphoneos;
				SWIFT_COMPILATION_MODE = wholemodule;
				SWIFT_OPTIMIZATION_LEVEL = "-O";
				VALIDATE_PRODUCT = YES;
			};
			name = Release;
		};
		545E687A292541D4006F4B85 /* Debug */ = {
			isa = XCBuildConfiguration;
			buildSettings = {
				ASSETCATALOG_COMPILER_APPICON_NAME = AppIcon;
				ASSETCATALOG_COMPILER_GLOBAL_ACCENT_COLOR_NAME = AccentColor;
				CODE_SIGN_STYLE = Automatic;
				CURRENT_PROJECT_VERSION = 1;
				DEVELOPMENT_ASSET_PATHS = "\"MarketAnalytics/Preview Content\"";
				DEVELOPMENT_TEAM = 4B2X8MNS9M;
				ENABLE_PREVIEWS = YES;
				GENERATE_INFOPLIST_FILE = YES;
				INFOPLIST_KEY_CFBundleDisplayName = "Market Analytics";
				INFOPLIST_KEY_LSApplicationCategoryType = "public.app-category.finance";
				INFOPLIST_KEY_UIApplicationSceneManifest_Generation = YES;
				INFOPLIST_KEY_UIApplicationSupportsIndirectInputEvents = YES;
				INFOPLIST_KEY_UILaunchScreen_Generation = YES;
				INFOPLIST_KEY_UISupportedInterfaceOrientations_iPad = "UIInterfaceOrientationPortrait UIInterfaceOrientationPortraitUpsideDown UIInterfaceOrientationLandscapeLeft UIInterfaceOrientationLandscapeRight";
				INFOPLIST_KEY_UISupportedInterfaceOrientations_iPhone = "UIInterfaceOrientationPortrait UIInterfaceOrientationLandscapeLeft UIInterfaceOrientationLandscapeRight";
				LD_RUNPATH_SEARCH_PATHS = (
					"$(inherited)",
					"@executable_path/Frameworks",
				);
				MARKETING_VERSION = 1.0;
				PRODUCT_BUNDLE_IDENTIFIER = com.future.MarketAnalytics;
				PRODUCT_NAME = "$(TARGET_NAME)";
				SWIFT_EMIT_LOC_STRINGS = YES;
				SWIFT_VERSION = 5.0;
				TARGETED_DEVICE_FAMILY = "1,2";
			};
			name = Debug;
		};
		545E687B292541D4006F4B85 /* Release */ = {
			isa = XCBuildConfiguration;
			buildSettings = {
				ASSETCATALOG_COMPILER_APPICON_NAME = AppIcon;
				ASSETCATALOG_COMPILER_GLOBAL_ACCENT_COLOR_NAME = AccentColor;
				CODE_SIGN_STYLE = Automatic;
				CURRENT_PROJECT_VERSION = 1;
				DEVELOPMENT_ASSET_PATHS = "\"MarketAnalytics/Preview Content\"";
				DEVELOPMENT_TEAM = 4B2X8MNS9M;
				ENABLE_PREVIEWS = YES;
				GENERATE_INFOPLIST_FILE = YES;
				INFOPLIST_KEY_CFBundleDisplayName = "Market Analytics";
				INFOPLIST_KEY_LSApplicationCategoryType = "public.app-category.finance";
				INFOPLIST_KEY_UIApplicationSceneManifest_Generation = YES;
				INFOPLIST_KEY_UIApplicationSupportsIndirectInputEvents = YES;
				INFOPLIST_KEY_UILaunchScreen_Generation = YES;
				INFOPLIST_KEY_UISupportedInterfaceOrientations_iPad = "UIInterfaceOrientationPortrait UIInterfaceOrientationPortraitUpsideDown UIInterfaceOrientationLandscapeLeft UIInterfaceOrientationLandscapeRight";
				INFOPLIST_KEY_UISupportedInterfaceOrientations_iPhone = "UIInterfaceOrientationPortrait UIInterfaceOrientationLandscapeLeft UIInterfaceOrientationLandscapeRight";
				LD_RUNPATH_SEARCH_PATHS = (
					"$(inherited)",
					"@executable_path/Frameworks",
				);
				MARKETING_VERSION = 1.0;
				PRODUCT_BUNDLE_IDENTIFIER = com.future.MarketAnalytics;
				PRODUCT_NAME = "$(TARGET_NAME)";
				SWIFT_EMIT_LOC_STRINGS = YES;
				SWIFT_VERSION = 5.0;
				TARGETED_DEVICE_FAMILY = "1,2";
			};
			name = Release;
		};
/* End XCBuildConfiguration section */

/* Begin XCConfigurationList section */
		545E6866292541D2006F4B85 /* Build configuration list for PBXProject "MarketAnalytics" */ = {
			isa = XCConfigurationList;
			buildConfigurations = (
				545E6877292541D4006F4B85 /* Debug */,
				545E6878292541D4006F4B85 /* Release */,
			);
			defaultConfigurationIsVisible = 0;
			defaultConfigurationName = Release;
		};
		545E6879292541D4006F4B85 /* Build configuration list for PBXNativeTarget "MarketAnalytics" */ = {
			isa = XCConfigurationList;
			buildConfigurations = (
				545E687A292541D4006F4B85 /* Debug */,
				545E687B292541D4006F4B85 /* Release */,
			);
			defaultConfigurationIsVisible = 0;
			defaultConfigurationName = Release;
		};
/* End XCConfigurationList section */
	};
	rootObject = 545E6863292541D2006F4B85 /* Project object */;
}
